
Microsoft Visual Studio Solution File, Format Version 12.00
# Visual Studio Version 17
VisualStudioVersion = 17.0.31903.59
MinimumVisualStudioVersion = 10.0.40219.1
Project("{2150E333-8FDC-42A3-9474-1A3956D46DE8}") = "src", "src", "{827E0CD3-B72D-47B6-A68D-7590B98EB39B}"
EndProject
Project("{FAE04EC0-301F-11D3-BF4B-00C04F79EFBC}") = "Orleans.GpuBridge.Abstractions", "src\Orleans.GpuBridge.Abstractions\Orleans.GpuBridge.Abstractions.csproj", "{71B0BF73-3E1B-4699-84DC-AC8594EDB56A}"
EndProject
Project("{FAE04EC0-301F-11D3-BF4B-00C04F79EFBC}") = "Orleans.GpuBridge.BridgeFX", "src\Orleans.GpuBridge.BridgeFX\Orleans.GpuBridge.BridgeFX.csproj", "{FDEB2463-1A03-4C0A-9369-693F42B566BB}"
EndProject
Project("{FAE04EC0-301F-11D3-BF4B-00C04F79EFBC}") = "Orleans.GpuBridge.Grains", "src\Orleans.GpuBridge.Grains\Orleans.GpuBridge.Grains.csproj", "{C0F63265-17E9-4F43-B00E-DA79D5F11423}"
EndProject
Project("{FAE04EC0-301F-11D3-BF4B-00C04F79EFBC}") = "Orleans.GpuBridge.Runtime", "src\Orleans.GpuBridge.Runtime\Orleans.GpuBridge.Runtime.csproj", "{64B24D51-532C-4A44-8009-7BA5C818917C}"
EndProject
Project("{FAE04EC0-301F-11D3-BF4B-00C04F79EFBC}") = "Orleans.GpuBridge.Tests", "tests\Orleans.GpuBridge.Tests\Orleans.GpuBridge.Tests.csproj", "{D776F192-6ACE-4BC1-85A6-5964E2981CF5}"
EndProject
Project("{FAE04EC0-301F-11D3-BF4B-00C04F79EFBC}") = "Orleans.GpuBridge.DotCompute", "src\Orleans.GpuBridge.DotCompute\Orleans.GpuBridge.DotCompute.csproj", "{AD5837C1-CAD1-4157-A5DB-A77A4A3EABCF}"
EndProject
Project("{FAE04EC0-301F-11D3-BF4B-00C04F79EFBC}") = "Orleans.GpuBridge.Diagnostics", "src\Orleans.GpuBridge.Diagnostics\Orleans.GpuBridge.Diagnostics.csproj", "{F9FB3463-0CC2-4BAF-8477-0B17DC87CA52}"
EndProject
Project("{FAE04EC0-301F-11D3-BF4B-00C04F79EFBC}") = "Orleans.GpuBridge.HealthChecks", "src\Orleans.GpuBridge.HealthChecks\Orleans.GpuBridge.HealthChecks.csproj", "{9E8AF633-FF49-482B-BDB5-380D6FBAF470}"
EndProject
Global
	GlobalSection(SolutionConfigurationPlatforms) = preSolution
		Debug|Any CPU = Debug|Any CPU
		Debug|x64 = Debug|x64
		Debug|x86 = Debug|x86
		Release|Any CPU = Release|Any CPU
		Release|x64 = Release|x64
		Release|x86 = Release|x86
	EndGlobalSection
	GlobalSection(ProjectConfigurationPlatforms) = postSolution
		{71B0BF73-3E1B-4699-84DC-AC8594EDB56A}.Debug|Any CPU.ActiveCfg = Debug|Any CPU
		{71B0BF73-3E1B-4699-84DC-AC8594EDB56A}.Debug|Any CPU.Build.0 = Debug|Any CPU
		{71B0BF73-3E1B-4699-84DC-AC8594EDB56A}.Debug|x64.ActiveCfg = Debug|Any CPU
		{71B0BF73-3E1B-4699-84DC-AC8594EDB56A}.Debug|x64.Build.0 = Debug|Any CPU
		{71B0BF73-3E1B-4699-84DC-AC8594EDB56A}.Debug|x86.ActiveCfg = Debug|Any CPU
		{71B0BF73-3E1B-4699-84DC-AC8594EDB56A}.Debug|x86.Build.0 = Debug|Any CPU
		{71B0BF73-3E1B-4699-84DC-AC8594EDB56A}.Release|Any CPU.ActiveCfg = Release|Any CPU
		{71B0BF73-3E1B-4699-84DC-AC8594EDB56A}.Release|Any CPU.Build.0 = Release|Any CPU
		{71B0BF73-3E1B-4699-84DC-AC8594EDB56A}.Release|x64.ActiveCfg = Release|Any CPU
		{71B0BF73-3E1B-4699-84DC-AC8594EDB56A}.Release|x64.Build.0 = Release|Any CPU
		{71B0BF73-3E1B-4699-84DC-AC8594EDB56A}.Release|x86.ActiveCfg = Release|Any CPU
		{71B0BF73-3E1B-4699-84DC-AC8594EDB56A}.Release|x86.Build.0 = Release|Any CPU
		{FDEB2463-1A03-4C0A-9369-693F42B566BB}.Debug|Any CPU.ActiveCfg = Debug|Any CPU
		{FDEB2463-1A03-4C0A-9369-693F42B566BB}.Debug|Any CPU.Build.0 = Debug|Any CPU
		{FDEB2463-1A03-4C0A-9369-693F42B566BB}.Debug|x64.ActiveCfg = Debug|Any CPU
		{FDEB2463-1A03-4C0A-9369-693F42B566BB}.Debug|x64.Build.0 = Debug|Any CPU
		{FDEB2463-1A03-4C0A-9369-693F42B566BB}.Debug|x86.ActiveCfg = Debug|Any CPU
		{FDEB2463-1A03-4C0A-9369-693F42B566BB}.Debug|x86.Build.0 = Debug|Any CPU
		{FDEB2463-1A03-4C0A-9369-693F42B566BB}.Release|Any CPU.ActiveCfg = Release|Any CPU
		{FDEB2463-1A03-4C0A-9369-693F42B566BB}.Release|Any CPU.Build.0 = Release|Any CPU
		{FDEB2463-1A03-4C0A-9369-693F42B566BB}.Release|x64.ActiveCfg = Release|Any CPU
		{FDEB2463-1A03-4C0A-9369-693F42B566BB}.Release|x64.Build.0 = Release|Any CPU
		{FDEB2463-1A03-4C0A-9369-693F42B566BB}.Release|x86.ActiveCfg = Release|Any CPU
		{FDEB2463-1A03-4C0A-9369-693F42B566BB}.Release|x86.Build.0 = Release|Any CPU
		{C0F63265-17E9-4F43-B00E-DA79D5F11423}.Debug|Any CPU.ActiveCfg = Debug|Any CPU
		{C0F63265-17E9-4F43-B00E-DA79D5F11423}.Debug|Any CPU.Build.0 = Debug|Any CPU
		{C0F63265-17E9-4F43-B00E-DA79D5F11423}.Debug|x64.ActiveCfg = Debug|Any CPU
		{C0F63265-17E9-4F43-B00E-DA79D5F11423}.Debug|x64.Build.0 = Debug|Any CPU
		{C0F63265-17E9-4F43-B00E-DA79D5F11423}.Debug|x86.ActiveCfg = Debug|Any CPU
		{C0F63265-17E9-4F43-B00E-DA79D5F11423}.Debug|x86.Build.0 = Debug|Any CPU
		{C0F63265-17E9-4F43-B00E-DA79D5F11423}.Release|Any CPU.ActiveCfg = Release|Any CPU
		{C0F63265-17E9-4F43-B00E-DA79D5F11423}.Release|Any CPU.Build.0 = Release|Any CPU
		{C0F63265-17E9-4F43-B00E-DA79D5F11423}.Release|x64.ActiveCfg = Release|Any CPU
		{C0F63265-17E9-4F43-B00E-DA79D5F11423}.Release|x64.Build.0 = Release|Any CPU
		{C0F63265-17E9-4F43-B00E-DA79D5F11423}.Release|x86.ActiveCfg = Release|Any CPU
		{C0F63265-17E9-4F43-B00E-DA79D5F11423}.Release|x86.Build.0 = Release|Any CPU
		{64B24D51-532C-4A44-8009-7BA5C818917C}.Debug|Any CPU.ActiveCfg = Debug|Any CPU
		{64B24D51-532C-4A44-8009-7BA5C818917C}.Debug|Any CPU.Build.0 = Debug|Any CPU
		{64B24D51-532C-4A44-8009-7BA5C818917C}.Debug|x64.ActiveCfg = Debug|Any CPU
		{64B24D51-532C-4A44-8009-7BA5C818917C}.Debug|x64.Build.0 = Debug|Any CPU
		{64B24D51-532C-4A44-8009-7BA5C818917C}.Debug|x86.ActiveCfg = Debug|Any CPU
		{64B24D51-532C-4A44-8009-7BA5C818917C}.Debug|x86.Build.0 = Debug|Any CPU
		{64B24D51-532C-4A44-8009-7BA5C818917C}.Release|Any CPU.ActiveCfg = Release|Any CPU
		{64B24D51-532C-4A44-8009-7BA5C818917C}.Release|Any CPU.Build.0 = Release|Any CPU
		{64B24D51-532C-4A44-8009-7BA5C818917C}.Release|x64.ActiveCfg = Release|Any CPU
		{64B24D51-532C-4A44-8009-7BA5C818917C}.Release|x64.Build.0 = Release|Any CPU
		{64B24D51-532C-4A44-8009-7BA5C818917C}.Release|x86.ActiveCfg = Release|Any CPU
		{64B24D51-532C-4A44-8009-7BA5C818917C}.Release|x86.Build.0 = Release|Any CPU
		{D776F192-6ACE-4BC1-85A6-5964E2981CF5}.Debug|Any CPU.ActiveCfg = Debug|Any CPU
		{D776F192-6ACE-4BC1-85A6-5964E2981CF5}.Debug|Any CPU.Build.0 = Debug|Any CPU
		{D776F192-6ACE-4BC1-85A6-5964E2981CF5}.Debug|x64.ActiveCfg = Debug|Any CPU
		{D776F192-6ACE-4BC1-85A6-5964E2981CF5}.Debug|x64.Build.0 = Debug|Any CPU
		{D776F192-6ACE-4BC1-85A6-5964E2981CF5}.Debug|x86.ActiveCfg = Debug|Any CPU
		{D776F192-6ACE-4BC1-85A6-5964E2981CF5}.Debug|x86.Build.0 = Debug|Any CPU
		{D776F192-6ACE-4BC1-85A6-5964E2981CF5}.Release|Any CPU.ActiveCfg = Release|Any CPU
		{D776F192-6ACE-4BC1-85A6-5964E2981CF5}.Release|Any CPU.Build.0 = Release|Any CPU
		{D776F192-6ACE-4BC1-85A6-5964E2981CF5}.Release|x64.ActiveCfg = Release|Any CPU
		{D776F192-6ACE-4BC1-85A6-5964E2981CF5}.Release|x64.Build.0 = Release|Any CPU
		{D776F192-6ACE-4BC1-85A6-5964E2981CF5}.Release|x86.ActiveCfg = Release|Any CPU
		{D776F192-6ACE-4BC1-85A6-5964E2981CF5}.Release|x86.Build.0 = Release|Any CPU
		{AD5837C1-CAD1-4157-A5DB-A77A4A3EABCF}.Debug|Any CPU.ActiveCfg = Debug|Any CPU
		{AD5837C1-CAD1-4157-A5DB-A77A4A3EABCF}.Debug|Any CPU.Build.0 = Debug|Any CPU
		{AD5837C1-CAD1-4157-A5DB-A77A4A3EABCF}.Debug|x64.ActiveCfg = Debug|Any CPU
		{AD5837C1-CAD1-4157-A5DB-A77A4A3EABCF}.Debug|x64.Build.0 = Debug|Any CPU
		{AD5837C1-CAD1-4157-A5DB-A77A4A3EABCF}.Debug|x86.ActiveCfg = Debug|Any CPU
		{AD5837C1-CAD1-4157-A5DB-A77A4A3EABCF}.Debug|x86.Build.0 = Debug|Any CPU
		{AD5837C1-CAD1-4157-A5DB-A77A4A3EABCF}.Release|Any CPU.ActiveCfg = Release|Any CPU
		{AD5837C1-CAD1-4157-A5DB-A77A4A3EABCF}.Release|Any CPU.Build.0 = Release|Any CPU
		{AD5837C1-CAD1-4157-A5DB-A77A4A3EABCF}.Release|x64.ActiveCfg = Release|Any CPU
		{AD5837C1-CAD1-4157-A5DB-A77A4A3EABCF}.Release|x64.Build.0 = Release|Any CPU
		{AD5837C1-CAD1-4157-A5DB-A77A4A3EABCF}.Release|x86.ActiveCfg = Release|Any CPU
		{AD5837C1-CAD1-4157-A5DB-A77A4A3EABCF}.Release|x86.Build.0 = Release|Any CPU
		{F9FB3463-0CC2-4BAF-8477-0B17DC87CA52}.Debug|Any CPU.ActiveCfg = Debug|Any CPU
		{F9FB3463-0CC2-4BAF-8477-0B17DC87CA52}.Debug|Any CPU.Build.0 = Debug|Any CPU
		{F9FB3463-0CC2-4BAF-8477-0B17DC87CA52}.Debug|x64.ActiveCfg = Debug|Any CPU
		{F9FB3463-0CC2-4BAF-8477-0B17DC87CA52}.Debug|x64.Build.0 = Debug|Any CPU
		{F9FB3463-0CC2-4BAF-8477-0B17DC87CA52}.Debug|x86.ActiveCfg = Debug|Any CPU
		{F9FB3463-0CC2-4BAF-8477-0B17DC87CA52}.Debug|x86.Build.0 = Debug|Any CPU
		{F9FB3463-0CC2-4BAF-8477-0B17DC87CA52}.Release|Any CPU.ActiveCfg = Release|Any CPU
		{F9FB3463-0CC2-4BAF-8477-0B17DC87CA52}.Release|Any CPU.Build.0 = Release|Any CPU
		{F9FB3463-0CC2-4BAF-8477-0B17DC87CA52}.Release|x64.ActiveCfg = Release|Any CPU
		{F9FB3463-0CC2-4BAF-8477-0B17DC87CA52}.Release|x64.Build.0 = Release|Any CPU
		{F9FB3463-0CC2-4BAF-8477-0B17DC87CA52}.Release|x86.ActiveCfg = Release|Any CPU
		{F9FB3463-0CC2-4BAF-8477-0B17DC87CA52}.Release|x86.Build.0 = Release|Any CPU
		{9E8AF633-FF49-482B-BDB5-380D6FBAF470}.Debug|Any CPU.ActiveCfg = Debug|Any CPU
		{9E8AF633-FF49-482B-BDB5-380D6FBAF470}.Debug|Any CPU.Build.0 = Debug|Any CPU
		{9E8AF633-FF49-482B-BDB5-380D6FBAF470}.Debug|x64.ActiveCfg = Debug|Any CPU
		{9E8AF633-FF49-482B-BDB5-380D6FBAF470}.Debug|x64.Build.0 = Debug|Any CPU
		{9E8AF633-FF49-482B-BDB5-380D6FBAF470}.Debug|x86.ActiveCfg = Debug|Any CPU
		{9E8AF633-FF49-482B-BDB5-380D6FBAF470}.Debug|x86.Build.0 = Debug|Any CPU
		{9E8AF633-FF49-482B-BDB5-380D6FBAF470}.Release|Any CPU.ActiveCfg = Release|Any CPU
		{9E8AF633-FF49-482B-BDB5-380D6FBAF470}.Release|Any CPU.Build.0 = Release|Any CPU
		{9E8AF633-FF49-482B-BDB5-380D6FBAF470}.Release|x64.ActiveCfg = Release|Any CPU
		{9E8AF633-FF49-482B-BDB5-380D6FBAF470}.Release|x64.Build.0 = Release|Any CPU
		{9E8AF633-FF49-482B-BDB5-380D6FBAF470}.Release|x86.ActiveCfg = Release|Any CPU
		{9E8AF633-FF49-482B-BDB5-380D6FBAF470}.Release|x86.Build.0 = Release|Any CPU
	EndGlobalSection
	GlobalSection(SolutionProperties) = preSolution
		HideSolutionNode = FALSE
	EndGlobalSection
	GlobalSection(NestedProjects) = preSolution
		{71B0BF73-3E1B-4699-84DC-AC8594EDB56A} = {827E0CD3-B72D-47B6-A68D-7590B98EB39B}
		{FDEB2463-1A03-4C0A-9369-693F42B566BB} = {827E0CD3-B72D-47B6-A68D-7590B98EB39B}
		{C0F63265-17E9-4F43-B00E-DA79D5F11423} = {827E0CD3-B72D-47B6-A68D-7590B98EB39B}
		{64B24D51-532C-4A44-8009-7BA5C818917C} = {827E0CD3-B72D-47B6-A68D-7590B98EB39B}
		{D776F192-6ACE-4BC1-85A6-5964E2981CF5} = {827E0CD3-B72D-47B6-A68D-7590B98EB39B}
		{AD5837C1-CAD1-4157-A5DB-A77A4A3EABCF} = {827E0CD3-B72D-47B6-A68D-7590B98EB39B}
		{F9FB3463-0CC2-4BAF-8477-0B17DC87CA52} = {827E0CD3-B72D-47B6-A68D-7590B98EB39B}
		{9E8AF633-FF49-482B-BDB5-380D6FBAF470} = {827E0CD3-B72D-47B6-A68D-7590B98EB39B}
	EndGlobalSection
EndGlobal
