
Microsoft Visual Studio Solution File, Format Version 12.00
# Visual Studio Version 17
VisualStudioVersion = 17.0.31903.59
MinimumVisualStudioVersion = 10.0.40219.1
Project("{2150E333-8FDC-42A3-9474-1A3956D46DE8}") = "src", "src", "{827E0CD3-B72D-47B6-A68D-7590B98EB39B}"
EndProject
Project("{FAE04EC0-301F-11D3-BF4B-00C04F79EFBC}") = "Orleans.GpuBridge.Abstractions", "src\Orleans.GpuBridge.Abstractions\Orleans.GpuBridge.Abstractions.csproj", "{71B0BF73-3E1B-4699-84DC-AC8594EDB56A}"
EndProject
Project("{FAE04EC0-301F-11D3-BF4B-00C04F79EFBC}") = "Orleans.GpuBridge.BridgeFX", "src\Orleans.GpuBridge.BridgeFX\Orleans.GpuBridge.BridgeFX.csproj", "{FDEB2463-1A03-4C0A-9369-693F42B566BB}"
EndProject
Project("{FAE04EC0-301F-11D3-BF4B-00C04F79EFBC}") = "Orleans.GpuBridge.Grains", "src\Orleans.GpuBridge.Grains\Orleans.GpuBridge.Grains.csproj", "{C0F63265-17E9-4F43-B00E-DA79D5F11423}"
EndProject
Project("{FAE04EC0-301F-11D3-BF4B-00C04F79EFBC}") = "Orleans.GpuBridge.Runtime", "src\Orleans.GpuBridge.Runtime\Orleans.GpuBridge.Runtime.csproj", "{64B24D51-532C-4A44-8009-7BA5C818917C}"
EndProject
Project("{FAE04EC0-301F-11D3-BF4B-00C04F79EFBC}") = "Orleans.GpuBridge.Diagnostics", "src\Orleans.GpuBridge.Diagnostics\Orleans.GpuBridge.Diagnostics.csproj", "{F9FB3463-0CC2-4BAF-8477-0B17DC87CA52}"
EndProject
Project("{FAE04EC0-301F-11D3-BF4B-00C04F79EFBC}") = "Orleans.GpuBridge.HealthChecks", "src\Orleans.GpuBridge.HealthChecks\Orleans.GpuBridge.HealthChecks.csproj", "{9E8AF633-FF49-482B-BDB5-380D6FBAF470}"
EndProject
Project("{FAE04EC0-301F-11D3-BF4B-00C04F79EFBC}") = "Orleans.GpuBridge.Logging", "src\Orleans.GpuBridge.Logging\Orleans.GpuBridge.Logging.csproj", "{507E96B3-3B23-4D3B-8856-2E6A992A83D1}"
EndProject
Project("{FAE04EC0-301F-11D3-BF4B-00C04F79EFBC}") = "Orleans.GpuBridge.Backends.DotCompute", "src\Orleans.GpuBridge.Backends.DotCompute\Orleans.GpuBridge.Backends.DotCompute.csproj", "{4B04899B-83B2-4E09-B102-3D1C552DF996}"
EndProject
Project("{2150E333-8FDC-42A3-9474-1A3956D46DE8}") = "tests", "tests", "{0AB3BF05-4346-4AA6-1389-037BE0695223}"
EndProject
Project("{FAE04EC0-301F-11D3-BF4B-00C04F79EFBC}") = "Orleans.GpuBridge.Backends.DotCompute.Tests", "tests\Orleans.GpuBridge.Backends.DotCompute.Tests\Orleans.GpuBridge.Backends.DotCompute.Tests.csproj", "{DB65C677-A88A-4F26-ABDA-AB90B6948CF8}"
EndProject
Project("{FAE04EC0-301F-11D3-BF4B-00C04F79EFBC}") = "Orleans.GpuBridge.Abstractions.Tests", "tests\Orleans.GpuBridge.Abstractions.Tests\Orleans.GpuBridge.Abstractions.Tests.csproj", "{A1FE7C39-784F-4633-9A53-E444AFC84198}"
EndProject
Project("{FAE04EC0-301F-11D3-BF4B-00C04F79EFBC}") = "Orleans.GpuBridge.Benchmarks", "tests\Orleans.GpuBridge.Benchmarks\Orleans.GpuBridge.Benchmarks.csproj", "{65838BDE-E453-45A5-991A-C677E53237C4}"
EndProject
Project("{FAE04EC0-301F-11D3-BF4B-00C04F79EFBC}") = "Orleans.GpuBridge.Hardware.Tests", "tests\Orleans.GpuBridge.Hardware.Tests\Orleans.GpuBridge.Hardware.Tests.csproj", "{C83FCB51-404D-4E78-AD27-D84D743470DB}"
EndProject
Project("{FAE04EC0-301F-11D3-BF4B-00C04F79EFBC}") = "Orleans.GpuBridge.Runtime.Tests", "tests\Orleans.GpuBridge.Runtime.Tests\Orleans.GpuBridge.Runtime.Tests.csproj", "{462B6AD2-F995-4FCA-9DE9-0D21CA994543}"
EndProject
Project("{FAE04EC0-301F-11D3-BF4B-00C04F79EFBC}") = "Orleans.GpuBridge.Integration.Tests", "tests\Orleans.GpuBridge.Integration.Tests\Orleans.GpuBridge.Integration.Tests.csproj", "{3757B4E2-FB80-42FF-9F9E-62AF6EEA73B0}"
EndProject
Project("{FAE04EC0-301F-11D3-BF4B-00C04F79EFBC}") = "Orleans.GpuBridge.Performance.Tests", "tests\Orleans.GpuBridge.Performance.Tests\Orleans.GpuBridge.Performance.Tests.csproj", "{1A1E481E-F080-4A99-92CB-82026DAE750C}"
EndProject
Project("{FAE04EC0-301F-11D3-BF4B-00C04F79EFBC}") = "Orleans.GpuBridge.RingKernelTests", "tests\Orleans.GpuBridge.RingKernelTests\Orleans.GpuBridge.RingKernelTests.csproj", "{82DBB030-4328-4DBC-9EFA-4077D7C2C949}"
EndProject
Project("{FAE04EC0-301F-11D3-BF4B-00C04F79EFBC}") = "Orleans.GpuBridge.Temporal.Tests", "tests\Orleans.GpuBridge.Temporal.Tests\Orleans.GpuBridge.Temporal.Tests.csproj", "{73343CBE-B220-4D89-B38A-D82C165F656A}"
EndProject
Project("{FAE04EC0-301F-11D3-BF4B-00C04F79EFBC}") = "RingKernelValidation", "tests\RingKernelValidation\RingKernelValidation.csproj", "{E0A350A2-67A2-4FF5-88AA-BF78382DC190}"
EndProject
Project("{FAE04EC0-301F-11D3-BF4B-00C04F79EFBC}") = "Orleans.GpuBridge.Grains.Tests", "tests\Orleans.GpuBridge.Grains.Tests\Orleans.GpuBridge.Grains.Tests\Orleans.GpuBridge.Grains.Tests.csproj", "{D4417463-CD14-4A7F-BDC7-E360A5672540}"
EndProject
Project("{FAE04EC0-301F-11D3-BF4B-00C04F79EFBC}") = "Orleans.GpuBridge.Generators", "src\Orleans.GpuBridge.Generators\Orleans.GpuBridge.Generators.csproj", "{CEF196F2-C1B4-4D6F-8C2C-21F11D809079}"
EndProject
Project("{FAE04EC0-301F-11D3-BF4B-00C04F79EFBC}") = "Orleans.GpuBridge.Generators.Tests", "tests\Orleans.GpuBridge.Generators.Tests\Orleans.GpuBridge.Generators.Tests.csproj", "{4B78EB98-1C33-456C-A5D8-1F45127D1C14}"
EndProject
Global
	GlobalSection(SolutionConfigurationPlatforms) = preSolution
		Debug|Any CPU = Debug|Any CPU
		Debug|x64 = Debug|x64
		Debug|x86 = Debug|x86
		Release|Any CPU = Release|Any CPU
		Release|x64 = Release|x64
		Release|x86 = Release|x86
	EndGlobalSection
	GlobalSection(ProjectConfigurationPlatforms) = postSolution
		{71B0BF73-3E1B-4699-84DC-AC8594EDB56A}.Debug|Any CPU.ActiveCfg = Debug|Any CPU
		{71B0BF73-3E1B-4699-84DC-AC8594EDB56A}.Debug|Any CPU.Build.0 = Debug|Any CPU
		{71B0BF73-3E1B-4699-84DC-AC8594EDB56A}.Debug|x64.ActiveCfg = Debug|Any CPU
		{71B0BF73-3E1B-4699-84DC-AC8594EDB56A}.Debug|x64.Build.0 = Debug|Any CPU
		{71B0BF73-3E1B-4699-84DC-AC8594EDB56A}.Debug|x86.ActiveCfg = Debug|Any CPU
		{71B0BF73-3E1B-4699-84DC-AC8594EDB56A}.Debug|x86.Build.0 = Debug|Any CPU
		{71B0BF73-3E1B-4699-84DC-AC8594EDB56A}.Release|Any CPU.ActiveCfg = Release|Any CPU
		{71B0BF73-3E1B-4699-84DC-AC8594EDB56A}.Release|Any CPU.Build.0 = Release|Any CPU
		{71B0BF73-3E1B-4699-84DC-AC8594EDB56A}.Release|x64.ActiveCfg = Release|Any CPU
		{71B0BF73-3E1B-4699-84DC-AC8594EDB56A}.Release|x64.Build.0 = Release|Any CPU
		{71B0BF73-3E1B-4699-84DC-AC8594EDB56A}.Release|x86.ActiveCfg = Release|Any CPU
		{71B0BF73-3E1B-4699-84DC-AC8594EDB56A}.Release|x86.Build.0 = Release|Any CPU
		{FDEB2463-1A03-4C0A-9369-693F42B566BB}.Debug|Any CPU.ActiveCfg = Debug|Any CPU
		{FDEB2463-1A03-4C0A-9369-693F42B566BB}.Debug|Any CPU.Build.0 = Debug|Any CPU
		{FDEB2463-1A03-4C0A-9369-693F42B566BB}.Debug|x64.ActiveCfg = Debug|Any CPU
		{FDEB2463-1A03-4C0A-9369-693F42B566BB}.Debug|x64.Build.0 = Debug|Any CPU
		{FDEB2463-1A03-4C0A-9369-693F42B566BB}.Debug|x86.ActiveCfg = Debug|Any CPU
		{FDEB2463-1A03-4C0A-9369-693F42B566BB}.Debug|x86.Build.0 = Debug|Any CPU
		{FDEB2463-1A03-4C0A-9369-693F42B566BB}.Release|Any CPU.ActiveCfg = Release|Any CPU
		{FDEB2463-1A03-4C0A-9369-693F42B566BB}.Release|Any CPU.Build.0 = Release|Any CPU
		{FDEB2463-1A03-4C0A-9369-693F42B566BB}.Release|x64.ActiveCfg = Release|Any CPU
		{FDEB2463-1A03-4C0A-9369-693F42B566BB}.Release|x64.Build.0 = Release|Any CPU
		{FDEB2463-1A03-4C0A-9369-693F42B566BB}.Release|x86.ActiveCfg = Release|Any CPU
		{FDEB2463-1A03-4C0A-9369-693F42B566BB}.Release|x86.Build.0 = Release|Any CPU
		{C0F63265-17E9-4F43-B00E-DA79D5F11423}.Debug|Any CPU.ActiveCfg = Debug|Any CPU
		{C0F63265-17E9-4F43-B00E-DA79D5F11423}.Debug|Any CPU.Build.0 = Debug|Any CPU
		{C0F63265-17E9-4F43-B00E-DA79D5F11423}.Debug|x64.ActiveCfg = Debug|Any CPU
		{C0F63265-17E9-4F43-B00E-DA79D5F11423}.Debug|x64.Build.0 = Debug|Any CPU
		{C0F63265-17E9-4F43-B00E-DA79D5F11423}.Debug|x86.ActiveCfg = Debug|Any CPU
		{C0F63265-17E9-4F43-B00E-DA79D5F11423}.Debug|x86.Build.0 = Debug|Any CPU
		{C0F63265-17E9-4F43-B00E-DA79D5F11423}.Release|Any CPU.ActiveCfg = Release|Any CPU
		{C0F63265-17E9-4F43-B00E-DA79D5F11423}.Release|Any CPU.Build.0 = Release|Any CPU
		{C0F63265-17E9-4F43-B00E-DA79D5F11423}.Release|x64.ActiveCfg = Release|Any CPU
		{C0F63265-17E9-4F43-B00E-DA79D5F11423}.Release|x64.Build.0 = Release|Any CPU
		{C0F63265-17E9-4F43-B00E-DA79D5F11423}.Release|x86.ActiveCfg = Release|Any CPU
		{C0F63265-17E9-4F43-B00E-DA79D5F11423}.Release|x86.Build.0 = Release|Any CPU
		{64B24D51-532C-4A44-8009-7BA5C818917C}.Debug|Any CPU.ActiveCfg = Debug|Any CPU
		{64B24D51-532C-4A44-8009-7BA5C818917C}.Debug|Any CPU.Build.0 = Debug|Any CPU
		{64B24D51-532C-4A44-8009-7BA5C818917C}.Debug|x64.ActiveCfg = Debug|Any CPU
		{64B24D51-532C-4A44-8009-7BA5C818917C}.Debug|x64.Build.0 = Debug|Any CPU
		{64B24D51-532C-4A44-8009-7BA5C818917C}.Debug|x86.ActiveCfg = Debug|Any CPU
		{64B24D51-532C-4A44-8009-7BA5C818917C}.Debug|x86.Build.0 = Debug|Any CPU
		{64B24D51-532C-4A44-8009-7BA5C818917C}.Release|Any CPU.ActiveCfg = Release|Any CPU
		{64B24D51-532C-4A44-8009-7BA5C818917C}.Release|Any CPU.Build.0 = Release|Any CPU
		{64B24D51-532C-4A44-8009-7BA5C818917C}.Release|x64.ActiveCfg = Release|Any CPU
		{64B24D51-532C-4A44-8009-7BA5C818917C}.Release|x64.Build.0 = Release|Any CPU
		{64B24D51-532C-4A44-8009-7BA5C818917C}.Release|x86.ActiveCfg = Release|Any CPU
		{64B24D51-532C-4A44-8009-7BA5C818917C}.Release|x86.Build.0 = Release|Any CPU
		{F9FB3463-0CC2-4BAF-8477-0B17DC87CA52}.Debug|Any CPU.ActiveCfg = Debug|Any CPU
		{F9FB3463-0CC2-4BAF-8477-0B17DC87CA52}.Debug|Any CPU.Build.0 = Debug|Any CPU
		{F9FB3463-0CC2-4BAF-8477-0B17DC87CA52}.Debug|x64.ActiveCfg = Debug|Any CPU
		{F9FB3463-0CC2-4BAF-8477-0B17DC87CA52}.Debug|x64.Build.0 = Debug|Any CPU
		{F9FB3463-0CC2-4BAF-8477-0B17DC87CA52}.Debug|x86.ActiveCfg = Debug|Any CPU
		{F9FB3463-0CC2-4BAF-8477-0B17DC87CA52}.Debug|x86.Build.0 = Debug|Any CPU
		{F9FB3463-0CC2-4BAF-8477-0B17DC87CA52}.Release|Any CPU.ActiveCfg = Release|Any CPU
		{F9FB3463-0CC2-4BAF-8477-0B17DC87CA52}.Release|Any CPU.Build.0 = Release|Any CPU
		{F9FB3463-0CC2-4BAF-8477-0B17DC87CA52}.Release|x64.ActiveCfg = Release|Any CPU
		{F9FB3463-0CC2-4BAF-8477-0B17DC87CA52}.Release|x64.Build.0 = Release|Any CPU
		{F9FB3463-0CC2-4BAF-8477-0B17DC87CA52}.Release|x86.ActiveCfg = Release|Any CPU
		{F9FB3463-0CC2-4BAF-8477-0B17DC87CA52}.Release|x86.Build.0 = Release|Any CPU
		{9E8AF633-FF49-482B-BDB5-380D6FBAF470}.Debug|Any CPU.ActiveCfg = Debug|Any CPU
		{9E8AF633-FF49-482B-BDB5-380D6FBAF470}.Debug|Any CPU.Build.0 = Debug|Any CPU
		{9E8AF633-FF49-482B-BDB5-380D6FBAF470}.Debug|x64.ActiveCfg = Debug|Any CPU
		{9E8AF633-FF49-482B-BDB5-380D6FBAF470}.Debug|x64.Build.0 = Debug|Any CPU
		{9E8AF633-FF49-482B-BDB5-380D6FBAF470}.Debug|x86.ActiveCfg = Debug|Any CPU
		{9E8AF633-FF49-482B-BDB5-380D6FBAF470}.Debug|x86.Build.0 = Debug|Any CPU
		{9E8AF633-FF49-482B-BDB5-380D6FBAF470}.Release|Any CPU.ActiveCfg = Release|Any CPU
		{9E8AF633-FF49-482B-BDB5-380D6FBAF470}.Release|Any CPU.Build.0 = Release|Any CPU
		{9E8AF633-FF49-482B-BDB5-380D6FBAF470}.Release|x64.ActiveCfg = Release|Any CPU
		{9E8AF633-FF49-482B-BDB5-380D6FBAF470}.Release|x64.Build.0 = Release|Any CPU
		{9E8AF633-FF49-482B-BDB5-380D6FBAF470}.Release|x86.ActiveCfg = Release|Any CPU
		{9E8AF633-FF49-482B-BDB5-380D6FBAF470}.Release|x86.Build.0 = Release|Any CPU
		{507E96B3-3B23-4D3B-8856-2E6A992A83D1}.Debug|Any CPU.ActiveCfg = Debug|Any CPU
		{507E96B3-3B23-4D3B-8856-2E6A992A83D1}.Debug|Any CPU.Build.0 = Debug|Any CPU
		{507E96B3-3B23-4D3B-8856-2E6A992A83D1}.Debug|x64.ActiveCfg = Debug|Any CPU
		{507E96B3-3B23-4D3B-8856-2E6A992A83D1}.Debug|x64.Build.0 = Debug|Any CPU
		{507E96B3-3B23-4D3B-8856-2E6A992A83D1}.Debug|x86.ActiveCfg = Debug|Any CPU
		{507E96B3-3B23-4D3B-8856-2E6A992A83D1}.Debug|x86.Build.0 = Debug|Any CPU
		{507E96B3-3B23-4D3B-8856-2E6A992A83D1}.Release|Any CPU.ActiveCfg = Release|Any CPU
		{507E96B3-3B23-4D3B-8856-2E6A992A83D1}.Release|Any CPU.Build.0 = Release|Any CPU
		{507E96B3-3B23-4D3B-8856-2E6A992A83D1}.Release|x64.ActiveCfg = Release|Any CPU
		{507E96B3-3B23-4D3B-8856-2E6A992A83D1}.Release|x64.Build.0 = Release|Any CPU
		{507E96B3-3B23-4D3B-8856-2E6A992A83D1}.Release|x86.ActiveCfg = Release|Any CPU
		{507E96B3-3B23-4D3B-8856-2E6A992A83D1}.Release|x86.Build.0 = Release|Any CPU
		{4B04899B-83B2-4E09-B102-3D1C552DF996}.Debug|Any CPU.ActiveCfg = Debug|Any CPU
		{4B04899B-83B2-4E09-B102-3D1C552DF996}.Debug|Any CPU.Build.0 = Debug|Any CPU
		{4B04899B-83B2-4E09-B102-3D1C552DF996}.Debug|x64.ActiveCfg = Debug|Any CPU
		{4B04899B-83B2-4E09-B102-3D1C552DF996}.Debug|x64.Build.0 = Debug|Any CPU
		{4B04899B-83B2-4E09-B102-3D1C552DF996}.Debug|x86.ActiveCfg = Debug|Any CPU
		{4B04899B-83B2-4E09-B102-3D1C552DF996}.Debug|x86.Build.0 = Debug|Any CPU
		{4B04899B-83B2-4E09-B102-3D1C552DF996}.Release|Any CPU.ActiveCfg = Release|Any CPU
		{4B04899B-83B2-4E09-B102-3D1C552DF996}.Release|Any CPU.Build.0 = Release|Any CPU
		{4B04899B-83B2-4E09-B102-3D1C552DF996}.Release|x64.ActiveCfg = Release|Any CPU
		{4B04899B-83B2-4E09-B102-3D1C552DF996}.Release|x64.Build.0 = Release|Any CPU
		{4B04899B-83B2-4E09-B102-3D1C552DF996}.Release|x86.ActiveCfg = Release|Any CPU
		{4B04899B-83B2-4E09-B102-3D1C552DF996}.Release|x86.Build.0 = Release|Any CPU
		{DB65C677-A88A-4F26-ABDA-AB90B6948CF8}.Debug|Any CPU.ActiveCfg = Debug|Any CPU
		{DB65C677-A88A-4F26-ABDA-AB90B6948CF8}.Debug|Any CPU.Build.0 = Debug|Any CPU
		{DB65C677-A88A-4F26-ABDA-AB90B6948CF8}.Debug|x64.ActiveCfg = Debug|Any CPU
		{DB65C677-A88A-4F26-ABDA-AB90B6948CF8}.Debug|x64.Build.0 = Debug|Any CPU
		{DB65C677-A88A-4F26-ABDA-AB90B6948CF8}.Debug|x86.ActiveCfg = Debug|Any CPU
		{DB65C677-A88A-4F26-ABDA-AB90B6948CF8}.Debug|x86.Build.0 = Debug|Any CPU
		{DB65C677-A88A-4F26-ABDA-AB90B6948CF8}.Release|Any CPU.ActiveCfg = Release|Any CPU
		{DB65C677-A88A-4F26-ABDA-AB90B6948CF8}.Release|Any CPU.Build.0 = Release|Any CPU
		{DB65C677-A88A-4F26-ABDA-AB90B6948CF8}.Release|x64.ActiveCfg = Release|Any CPU
		{DB65C677-A88A-4F26-ABDA-AB90B6948CF8}.Release|x64.Build.0 = Release|Any CPU
		{DB65C677-A88A-4F26-ABDA-AB90B6948CF8}.Release|x86.ActiveCfg = Release|Any CPU
		{DB65C677-A88A-4F26-ABDA-AB90B6948CF8}.Release|x86.Build.0 = Release|Any CPU
		{A1FE7C39-784F-4633-9A53-E444AFC84198}.Debug|Any CPU.ActiveCfg = Debug|Any CPU
		{A1FE7C39-784F-4633-9A53-E444AFC84198}.Debug|Any CPU.Build.0 = Debug|Any CPU
		{A1FE7C39-784F-4633-9A53-E444AFC84198}.Debug|x64.ActiveCfg = Debug|Any CPU
		{A1FE7C39-784F-4633-9A53-E444AFC84198}.Debug|x64.Build.0 = Debug|Any CPU
		{A1FE7C39-784F-4633-9A53-E444AFC84198}.Debug|x86.ActiveCfg = Debug|Any CPU
		{A1FE7C39-784F-4633-9A53-E444AFC84198}.Debug|x86.Build.0 = Debug|Any CPU
		{A1FE7C39-784F-4633-9A53-E444AFC84198}.Release|Any CPU.ActiveCfg = Release|Any CPU
		{A1FE7C39-784F-4633-9A53-E444AFC84198}.Release|Any CPU.Build.0 = Release|Any CPU
		{A1FE7C39-784F-4633-9A53-E444AFC84198}.Release|x64.ActiveCfg = Release|Any CPU
		{A1FE7C39-784F-4633-9A53-E444AFC84198}.Release|x64.Build.0 = Release|Any CPU
		{A1FE7C39-784F-4633-9A53-E444AFC84198}.Release|x86.ActiveCfg = Release|Any CPU
		{A1FE7C39-784F-4633-9A53-E444AFC84198}.Release|x86.Build.0 = Release|Any CPU
		{65838BDE-E453-45A5-991A-C677E53237C4}.Debug|Any CPU.ActiveCfg = Debug|Any CPU
		{65838BDE-E453-45A5-991A-C677E53237C4}.Debug|Any CPU.Build.0 = Debug|Any CPU
		{65838BDE-E453-45A5-991A-C677E53237C4}.Debug|x64.ActiveCfg = Debug|Any CPU
		{65838BDE-E453-45A5-991A-C677E53237C4}.Debug|x64.Build.0 = Debug|Any CPU
		{65838BDE-E453-45A5-991A-C677E53237C4}.Debug|x86.ActiveCfg = Debug|Any CPU
		{65838BDE-E453-45A5-991A-C677E53237C4}.Debug|x86.Build.0 = Debug|Any CPU
		{65838BDE-E453-45A5-991A-C677E53237C4}.Release|Any CPU.ActiveCfg = Release|Any CPU
		{65838BDE-E453-45A5-991A-C677E53237C4}.Release|Any CPU.Build.0 = Release|Any CPU
		{65838BDE-E453-45A5-991A-C677E53237C4}.Release|x64.ActiveCfg = Release|Any CPU
		{65838BDE-E453-45A5-991A-C677E53237C4}.Release|x64.Build.0 = Release|Any CPU
		{65838BDE-E453-45A5-991A-C677E53237C4}.Release|x86.ActiveCfg = Release|Any CPU
		{65838BDE-E453-45A5-991A-C677E53237C4}.Release|x86.Build.0 = Release|Any CPU
		{C83FCB51-404D-4E78-AD27-D84D743470DB}.Debug|Any CPU.ActiveCfg = Debug|Any CPU
		{C83FCB51-404D-4E78-AD27-D84D743470DB}.Debug|Any CPU.Build.0 = Debug|Any CPU
		{C83FCB51-404D-4E78-AD27-D84D743470DB}.Debug|x64.ActiveCfg = Debug|Any CPU
		{C83FCB51-404D-4E78-AD27-D84D743470DB}.Debug|x64.Build.0 = Debug|Any CPU
		{C83FCB51-404D-4E78-AD27-D84D743470DB}.Debug|x86.ActiveCfg = Debug|Any CPU
		{C83FCB51-404D-4E78-AD27-D84D743470DB}.Debug|x86.Build.0 = Debug|Any CPU
		{C83FCB51-404D-4E78-AD27-D84D743470DB}.Release|Any CPU.ActiveCfg = Release|Any CPU
		{C83FCB51-404D-4E78-AD27-D84D743470DB}.Release|Any CPU.Build.0 = Release|Any CPU
		{C83FCB51-404D-4E78-AD27-D84D743470DB}.Release|x64.ActiveCfg = Release|Any CPU
		{C83FCB51-404D-4E78-AD27-D84D743470DB}.Release|x64.Build.0 = Release|Any CPU
		{C83FCB51-404D-4E78-AD27-D84D743470DB}.Release|x86.ActiveCfg = Release|Any CPU
		{C83FCB51-404D-4E78-AD27-D84D743470DB}.Release|x86.Build.0 = Release|Any CPU
		{462B6AD2-F995-4FCA-9DE9-0D21CA994543}.Debug|Any CPU.ActiveCfg = Debug|Any CPU
		{462B6AD2-F995-4FCA-9DE9-0D21CA994543}.Debug|Any CPU.Build.0 = Debug|Any CPU
		{462B6AD2-F995-4FCA-9DE9-0D21CA994543}.Debug|x64.ActiveCfg = Debug|Any CPU
		{462B6AD2-F995-4FCA-9DE9-0D21CA994543}.Debug|x64.Build.0 = Debug|Any CPU
		{462B6AD2-F995-4FCA-9DE9-0D21CA994543}.Debug|x86.ActiveCfg = Debug|Any CPU
		{462B6AD2-F995-4FCA-9DE9-0D21CA994543}.Debug|x86.Build.0 = Debug|Any CPU
		{462B6AD2-F995-4FCA-9DE9-0D21CA994543}.Release|Any CPU.ActiveCfg = Release|Any CPU
		{462B6AD2-F995-4FCA-9DE9-0D21CA994543}.Release|Any CPU.Build.0 = Release|Any CPU
		{462B6AD2-F995-4FCA-9DE9-0D21CA994543}.Release|x64.ActiveCfg = Release|Any CPU
		{462B6AD2-F995-4FCA-9DE9-0D21CA994543}.Release|x64.Build.0 = Release|Any CPU
		{462B6AD2-F995-4FCA-9DE9-0D21CA994543}.Release|x86.ActiveCfg = Release|Any CPU
		{462B6AD2-F995-4FCA-9DE9-0D21CA994543}.Release|x86.Build.0 = Release|Any CPU
		{3757B4E2-FB80-42FF-9F9E-62AF6EEA73B0}.Debug|Any CPU.ActiveCfg = Debug|Any CPU
		{3757B4E2-FB80-42FF-9F9E-62AF6EEA73B0}.Debug|Any CPU.Build.0 = Debug|Any CPU
		{3757B4E2-FB80-42FF-9F9E-62AF6EEA73B0}.Debug|x64.ActiveCfg = Debug|Any CPU
		{3757B4E2-FB80-42FF-9F9E-62AF6EEA73B0}.Debug|x64.Build.0 = Debug|Any CPU
		{3757B4E2-FB80-42FF-9F9E-62AF6EEA73B0}.Debug|x86.ActiveCfg = Debug|Any CPU
		{3757B4E2-FB80-42FF-9F9E-62AF6EEA73B0}.Debug|x86.Build.0 = Debug|Any CPU
		{3757B4E2-FB80-42FF-9F9E-62AF6EEA73B0}.Release|Any CPU.ActiveCfg = Release|Any CPU
		{3757B4E2-FB80-42FF-9F9E-62AF6EEA73B0}.Release|Any CPU.Build.0 = Release|Any CPU
		{3757B4E2-FB80-42FF-9F9E-62AF6EEA73B0}.Release|x64.ActiveCfg = Release|Any CPU
		{3757B4E2-FB80-42FF-9F9E-62AF6EEA73B0}.Release|x64.Build.0 = Release|Any CPU
		{3757B4E2-FB80-42FF-9F9E-62AF6EEA73B0}.Release|x86.ActiveCfg = Release|Any CPU
		{3757B4E2-FB80-42FF-9F9E-62AF6EEA73B0}.Release|x86.Build.0 = Release|Any CPU
		{1A1E481E-F080-4A99-92CB-82026DAE750C}.Debug|Any CPU.ActiveCfg = Debug|Any CPU
		{1A1E481E-F080-4A99-92CB-82026DAE750C}.Debug|Any CPU.Build.0 = Debug|Any CPU
		{1A1E481E-F080-4A99-92CB-82026DAE750C}.Debug|x64.ActiveCfg = Debug|Any CPU
		{1A1E481E-F080-4A99-92CB-82026DAE750C}.Debug|x64.Build.0 = Debug|Any CPU
		{1A1E481E-F080-4A99-92CB-82026DAE750C}.Debug|x86.ActiveCfg = Debug|Any CPU
		{1A1E481E-F080-4A99-92CB-82026DAE750C}.Debug|x86.Build.0 = Debug|Any CPU
		{1A1E481E-F080-4A99-92CB-82026DAE750C}.Release|Any CPU.ActiveCfg = Release|Any CPU
		{1A1E481E-F080-4A99-92CB-82026DAE750C}.Release|Any CPU.Build.0 = Release|Any CPU
		{1A1E481E-F080-4A99-92CB-82026DAE750C}.Release|x64.ActiveCfg = Release|Any CPU
		{1A1E481E-F080-4A99-92CB-82026DAE750C}.Release|x64.Build.0 = Release|Any CPU
		{1A1E481E-F080-4A99-92CB-82026DAE750C}.Release|x86.ActiveCfg = Release|Any CPU
		{1A1E481E-F080-4A99-92CB-82026DAE750C}.Release|x86.Build.0 = Release|Any CPU
		{82DBB030-4328-4DBC-9EFA-4077D7C2C949}.Debug|Any CPU.ActiveCfg = Debug|Any CPU
		{82DBB030-4328-4DBC-9EFA-4077D7C2C949}.Debug|Any CPU.Build.0 = Debug|Any CPU
		{82DBB030-4328-4DBC-9EFA-4077D7C2C949}.Debug|x64.ActiveCfg = Debug|Any CPU
		{82DBB030-4328-4DBC-9EFA-4077D7C2C949}.Debug|x64.Build.0 = Debug|Any CPU
		{82DBB030-4328-4DBC-9EFA-4077D7C2C949}.Debug|x86.ActiveCfg = Debug|Any CPU
		{82DBB030-4328-4DBC-9EFA-4077D7C2C949}.Debug|x86.Build.0 = Debug|Any CPU
		{82DBB030-4328-4DBC-9EFA-4077D7C2C949}.Release|Any CPU.ActiveCfg = Release|Any CPU
		{82DBB030-4328-4DBC-9EFA-4077D7C2C949}.Release|Any CPU.Build.0 = Release|Any CPU
		{82DBB030-4328-4DBC-9EFA-4077D7C2C949}.Release|x64.ActiveCfg = Release|Any CPU
		{82DBB030-4328-4DBC-9EFA-4077D7C2C949}.Release|x64.Build.0 = Release|Any CPU
		{82DBB030-4328-4DBC-9EFA-4077D7C2C949}.Release|x86.ActiveCfg = Release|Any CPU
		{82DBB030-4328-4DBC-9EFA-4077D7C2C949}.Release|x86.Build.0 = Release|Any CPU
		{73343CBE-B220-4D89-B38A-D82C165F656A}.Debug|Any CPU.ActiveCfg = Debug|Any CPU
		{73343CBE-B220-4D89-B38A-D82C165F656A}.Debug|Any CPU.Build.0 = Debug|Any CPU
		{73343CBE-B220-4D89-B38A-D82C165F656A}.Debug|x64.ActiveCfg = Debug|Any CPU
		{73343CBE-B220-4D89-B38A-D82C165F656A}.Debug|x64.Build.0 = Debug|Any CPU
		{73343CBE-B220-4D89-B38A-D82C165F656A}.Debug|x86.ActiveCfg = Debug|Any CPU
		{73343CBE-B220-4D89-B38A-D82C165F656A}.Debug|x86.Build.0 = Debug|Any CPU
		{73343CBE-B220-4D89-B38A-D82C165F656A}.Release|Any CPU.ActiveCfg = Release|Any CPU
		{73343CBE-B220-4D89-B38A-D82C165F656A}.Release|Any CPU.Build.0 = Release|Any CPU
		{73343CBE-B220-4D89-B38A-D82C165F656A}.Release|x64.ActiveCfg = Release|Any CPU
		{73343CBE-B220-4D89-B38A-D82C165F656A}.Release|x64.Build.0 = Release|Any CPU
		{73343CBE-B220-4D89-B38A-D82C165F656A}.Release|x86.ActiveCfg = Release|Any CPU
		{73343CBE-B220-4D89-B38A-D82C165F656A}.Release|x86.Build.0 = Release|Any CPU
		{E0A350A2-67A2-4FF5-88AA-BF78382DC190}.Debug|Any CPU.ActiveCfg = Debug|Any CPU
		{E0A350A2-67A2-4FF5-88AA-BF78382DC190}.Debug|Any CPU.Build.0 = Debug|Any CPU
		{E0A350A2-67A2-4FF5-88AA-BF78382DC190}.Debug|x64.ActiveCfg = Debug|Any CPU
		{E0A350A2-67A2-4FF5-88AA-BF78382DC190}.Debug|x64.Build.0 = Debug|Any CPU
		{E0A350A2-67A2-4FF5-88AA-BF78382DC190}.Debug|x86.ActiveCfg = Debug|Any CPU
		{E0A350A2-67A2-4FF5-88AA-BF78382DC190}.Debug|x86.Build.0 = Debug|Any CPU
		{E0A350A2-67A2-4FF5-88AA-BF78382DC190}.Release|Any CPU.ActiveCfg = Release|Any CPU
		{E0A350A2-67A2-4FF5-88AA-BF78382DC190}.Release|Any CPU.Build.0 = Release|Any CPU
		{E0A350A2-67A2-4FF5-88AA-BF78382DC190}.Release|x64.ActiveCfg = Release|Any CPU
		{E0A350A2-67A2-4FF5-88AA-BF78382DC190}.Release|x64.Build.0 = Release|Any CPU
		{E0A350A2-67A2-4FF5-88AA-BF78382DC190}.Release|x86.ActiveCfg = Release|Any CPU
		{E0A350A2-67A2-4FF5-88AA-BF78382DC190}.Release|x86.Build.0 = Release|Any CPU
		{D4417463-CD14-4A7F-BDC7-E360A5672540}.Debug|Any CPU.ActiveCfg = Debug|Any CPU
		{D4417463-CD14-4A7F-BDC7-E360A5672540}.Debug|Any CPU.Build.0 = Debug|Any CPU
		{D4417463-CD14-4A7F-BDC7-E360A5672540}.Debug|x64.ActiveCfg = Debug|Any CPU
		{D4417463-CD14-4A7F-BDC7-E360A5672540}.Debug|x64.Build.0 = Debug|Any CPU
		{D4417463-CD14-4A7F-BDC7-E360A5672540}.Debug|x86.ActiveCfg = Debug|Any CPU
		{D4417463-CD14-4A7F-BDC7-E360A5672540}.Debug|x86.Build.0 = Debug|Any CPU
		{D4417463-CD14-4A7F-BDC7-E360A5672540}.Release|Any CPU.ActiveCfg = Release|Any CPU
		{D4417463-CD14-4A7F-BDC7-E360A5672540}.Release|Any CPU.Build.0 = Release|Any CPU
		{D4417463-CD14-4A7F-BDC7-E360A5672540}.Release|x64.ActiveCfg = Release|Any CPU
		{D4417463-CD14-4A7F-BDC7-E360A5672540}.Release|x64.Build.0 = Release|Any CPU
		{D4417463-CD14-4A7F-BDC7-E360A5672540}.Release|x86.ActiveCfg = Release|Any CPU
		{D4417463-CD14-4A7F-BDC7-E360A5672540}.Release|x86.Build.0 = Release|Any CPU
		{CEF196F2-C1B4-4D6F-8C2C-21F11D809079}.Debug|Any CPU.ActiveCfg = Debug|Any CPU
		{CEF196F2-C1B4-4D6F-8C2C-21F11D809079}.Debug|Any CPU.Build.0 = Debug|Any CPU
		{CEF196F2-C1B4-4D6F-8C2C-21F11D809079}.Debug|x64.ActiveCfg = Debug|Any CPU
		{CEF196F2-C1B4-4D6F-8C2C-21F11D809079}.Debug|x64.Build.0 = Debug|Any CPU
		{CEF196F2-C1B4-4D6F-8C2C-21F11D809079}.Debug|x86.ActiveCfg = Debug|Any CPU
		{CEF196F2-C1B4-4D6F-8C2C-21F11D809079}.Debug|x86.Build.0 = Debug|Any CPU
		{CEF196F2-C1B4-4D6F-8C2C-21F11D809079}.Release|Any CPU.ActiveCfg = Release|Any CPU
		{CEF196F2-C1B4-4D6F-8C2C-21F11D809079}.Release|Any CPU.Build.0 = Release|Any CPU
		{CEF196F2-C1B4-4D6F-8C2C-21F11D809079}.Release|x64.ActiveCfg = Release|Any CPU
		{CEF196F2-C1B4-4D6F-8C2C-21F11D809079}.Release|x64.Build.0 = Release|Any CPU
		{CEF196F2-C1B4-4D6F-8C2C-21F11D809079}.Release|x86.ActiveCfg = Release|Any CPU
		{CEF196F2-C1B4-4D6F-8C2C-21F11D809079}.Release|x86.Build.0 = Release|Any CPU
		{4B78EB98-1C33-456C-A5D8-1F45127D1C14}.Debug|Any CPU.ActiveCfg = Debug|Any CPU
		{4B78EB98-1C33-456C-A5D8-1F45127D1C14}.Debug|Any CPU.Build.0 = Debug|Any CPU
		{4B78EB98-1C33-456C-A5D8-1F45127D1C14}.Debug|x64.ActiveCfg = Debug|Any CPU
		{4B78EB98-1C33-456C-A5D8-1F45127D1C14}.Debug|x64.Build.0 = Debug|Any CPU
		{4B78EB98-1C33-456C-A5D8-1F45127D1C14}.Debug|x86.ActiveCfg = Debug|Any CPU
		{4B78EB98-1C33-456C-A5D8-1F45127D1C14}.Debug|x86.Build.0 = Debug|Any CPU
		{4B78EB98-1C33-456C-A5D8-1F45127D1C14}.Release|Any CPU.ActiveCfg = Release|Any CPU
		{4B78EB98-1C33-456C-A5D8-1F45127D1C14}.Release|Any CPU.Build.0 = Release|Any CPU
		{4B78EB98-1C33-456C-A5D8-1F45127D1C14}.Release|x64.ActiveCfg = Release|Any CPU
		{4B78EB98-1C33-456C-A5D8-1F45127D1C14}.Release|x64.Build.0 = Release|Any CPU
		{4B78EB98-1C33-456C-A5D8-1F45127D1C14}.Release|x86.ActiveCfg = Release|Any CPU
		{4B78EB98-1C33-456C-A5D8-1F45127D1C14}.Release|x86.Build.0 = Release|Any CPU
	EndGlobalSection
	GlobalSection(SolutionProperties) = preSolution
		HideSolutionNode = FALSE
	EndGlobalSection
	GlobalSection(NestedProjects) = preSolution
		{71B0BF73-3E1B-4699-84DC-AC8594EDB56A} = {827E0CD3-B72D-47B6-A68D-7590B98EB39B}
		{FDEB2463-1A03-4C0A-9369-693F42B566BB} = {827E0CD3-B72D-47B6-A68D-7590B98EB39B}
		{C0F63265-17E9-4F43-B00E-DA79D5F11423} = {827E0CD3-B72D-47B6-A68D-7590B98EB39B}
		{64B24D51-532C-4A44-8009-7BA5C818917C} = {827E0CD3-B72D-47B6-A68D-7590B98EB39B}
		{F9FB3463-0CC2-4BAF-8477-0B17DC87CA52} = {827E0CD3-B72D-47B6-A68D-7590B98EB39B}
		{9E8AF633-FF49-482B-BDB5-380D6FBAF470} = {827E0CD3-B72D-47B6-A68D-7590B98EB39B}
		{507E96B3-3B23-4D3B-8856-2E6A992A83D1} = {827E0CD3-B72D-47B6-A68D-7590B98EB39B}
		{4B04899B-83B2-4E09-B102-3D1C552DF996} = {827E0CD3-B72D-47B6-A68D-7590B98EB39B}
		{DB65C677-A88A-4F26-ABDA-AB90B6948CF8} = {0AB3BF05-4346-4AA6-1389-037BE0695223}
		{A1FE7C39-784F-4633-9A53-E444AFC84198} = {0AB3BF05-4346-4AA6-1389-037BE0695223}
		{65838BDE-E453-45A5-991A-C677E53237C4} = {0AB3BF05-4346-4AA6-1389-037BE0695223}
		{C83FCB51-404D-4E78-AD27-D84D743470DB} = {0AB3BF05-4346-4AA6-1389-037BE0695223}
		{462B6AD2-F995-4FCA-9DE9-0D21CA994543} = {0AB3BF05-4346-4AA6-1389-037BE0695223}
		{3757B4E2-FB80-42FF-9F9E-62AF6EEA73B0} = {0AB3BF05-4346-4AA6-1389-037BE0695223}
		{1A1E481E-F080-4A99-92CB-82026DAE750C} = {0AB3BF05-4346-4AA6-1389-037BE0695223}
		{82DBB030-4328-4DBC-9EFA-4077D7C2C949} = {0AB3BF05-4346-4AA6-1389-037BE0695223}
		{73343CBE-B220-4D89-B38A-D82C165F656A} = {0AB3BF05-4346-4AA6-1389-037BE0695223}
		{E0A350A2-67A2-4FF5-88AA-BF78382DC190} = {0AB3BF05-4346-4AA6-1389-037BE0695223}
		{D4417463-CD14-4A7F-BDC7-E360A5672540} = {0AB3BF05-4346-4AA6-1389-037BE0695223}
		{CEF196F2-C1B4-4D6F-8C2C-21F11D809079} = {827E0CD3-B72D-47B6-A68D-7590B98EB39B}
		{4B78EB98-1C33-456C-A5D8-1F45127D1C14} = {0AB3BF05-4346-4AA6-1389-037BE0695223}
	EndGlobalSection
EndGlobal
