### YamlMime:ManagedReference
items:
- uid: Orleans.GpuBridge.Runtime.Temporal.Clock
  commentId: N:Orleans.GpuBridge.Runtime.Temporal.Clock
  id: Orleans.GpuBridge.Runtime.Temporal.Clock
  children:
  - Orleans.GpuBridge.Runtime.Temporal.Clock.ClockSourceSelector
  - Orleans.GpuBridge.Runtime.Temporal.Clock.PtpClientProtocol
  - Orleans.GpuBridge.Runtime.Temporal.Clock.PtpClockSource
  - Orleans.GpuBridge.Runtime.Temporal.Clock.PtpSyncResult
  - Orleans.GpuBridge.Runtime.Temporal.Clock.SoftwarePtpClockSource
  langs:
  - csharp
  - vb
  name: Orleans.GpuBridge.Runtime.Temporal.Clock
  nameWithType: Orleans.GpuBridge.Runtime.Temporal.Clock
  fullName: Orleans.GpuBridge.Runtime.Temporal.Clock
  type: Namespace
  assemblies:
  - Orleans.GpuBridge.Runtime
references:
- uid: Orleans.GpuBridge.Runtime.Temporal.Clock.ClockSourceSelector
  commentId: T:Orleans.GpuBridge.Runtime.Temporal.Clock.ClockSourceSelector
  parent: Orleans.GpuBridge.Runtime.Temporal.Clock
  href: Orleans.GpuBridge.Runtime.Temporal.Clock.ClockSourceSelector.html
  name: ClockSourceSelector
  nameWithType: ClockSourceSelector
  fullName: Orleans.GpuBridge.Runtime.Temporal.Clock.ClockSourceSelector
- uid: Orleans.GpuBridge.Runtime.Temporal.Clock.PtpClientProtocol
  commentId: T:Orleans.GpuBridge.Runtime.Temporal.Clock.PtpClientProtocol
  href: Orleans.GpuBridge.Runtime.Temporal.Clock.PtpClientProtocol.html
  name: PtpClientProtocol
  nameWithType: PtpClientProtocol
  fullName: Orleans.GpuBridge.Runtime.Temporal.Clock.PtpClientProtocol
- uid: Orleans.GpuBridge.Runtime.Temporal.Clock.PtpSyncResult
  commentId: T:Orleans.GpuBridge.Runtime.Temporal.Clock.PtpSyncResult
  href: Orleans.GpuBridge.Runtime.Temporal.Clock.PtpSyncResult.html
  name: PtpSyncResult
  nameWithType: PtpSyncResult
  fullName: Orleans.GpuBridge.Runtime.Temporal.Clock.PtpSyncResult
- uid: Orleans.GpuBridge.Runtime.Temporal.Clock.PtpClockSource
  commentId: T:Orleans.GpuBridge.Runtime.Temporal.Clock.PtpClockSource
  href: Orleans.GpuBridge.Runtime.Temporal.Clock.PtpClockSource.html
  name: PtpClockSource
  nameWithType: PtpClockSource
  fullName: Orleans.GpuBridge.Runtime.Temporal.Clock.PtpClockSource
- uid: Orleans.GpuBridge.Runtime.Temporal.Clock.SoftwarePtpClockSource
  commentId: T:Orleans.GpuBridge.Runtime.Temporal.Clock.SoftwarePtpClockSource
  href: Orleans.GpuBridge.Runtime.Temporal.Clock.SoftwarePtpClockSource.html
  name: SoftwarePtpClockSource
  nameWithType: SoftwarePtpClockSource
  fullName: Orleans.GpuBridge.Runtime.Temporal.Clock.SoftwarePtpClockSource
- uid: Orleans.GpuBridge.Runtime.Temporal.Clock
  commentId: N:Orleans.GpuBridge.Runtime.Temporal.Clock
  href: Orleans.html
  name: Orleans.GpuBridge.Runtime.Temporal.Clock
  nameWithType: Orleans.GpuBridge.Runtime.Temporal.Clock
  fullName: Orleans.GpuBridge.Runtime.Temporal.Clock
  spec.csharp:
  - uid: Orleans
    name: Orleans
    href: Orleans.html
  - name: .
  - uid: Orleans.GpuBridge
    name: GpuBridge
    href: Orleans.GpuBridge.html
  - name: .
  - uid: Orleans.GpuBridge.Runtime
    name: Runtime
    href: Orleans.GpuBridge.Runtime.html
  - name: .
  - uid: Orleans.GpuBridge.Runtime.Temporal
    name: Temporal
    href: Orleans.GpuBridge.Runtime.Temporal.html
  - name: .
  - uid: Orleans.GpuBridge.Runtime.Temporal.Clock
    name: Clock
    href: Orleans.GpuBridge.Runtime.Temporal.Clock.html
  spec.vb:
  - uid: Orleans
    name: Orleans
    href: Orleans.html
  - name: .
  - uid: Orleans.GpuBridge
    name: GpuBridge
    href: Orleans.GpuBridge.html
  - name: .
  - uid: Orleans.GpuBridge.Runtime
    name: Runtime
    href: Orleans.GpuBridge.Runtime.html
  - name: .
  - uid: Orleans.GpuBridge.Runtime.Temporal
    name: Temporal
    href: Orleans.GpuBridge.Runtime.Temporal.html
  - name: .
  - uid: Orleans.GpuBridge.Runtime.Temporal.Clock
    name: Clock
    href: Orleans.GpuBridge.Runtime.Temporal.Clock.html
